
Microsoft Visual Studio Solution File, Format Version 12.00
# Visual Studio 15
VisualStudioVersion = 15.0.27004.2008
MinimumVisualStudioVersion = 10.0.40219.1
Project("{FAE04EC0-301F-11D3-BF4B-00C04F79EFBC}") = "01.Rectangle", "02.DemoOOP\01.Rectangle.csproj", "{95B0B69D-9F84-448C-846A-3CFD8BF75E58}"
EndProject
Project("{FAE04EC0-301F-11D3-BF4B-00C04F79EFBC}") = "02.TestAnimal", "02.TestAnimal\02.TestAnimal.csproj", "{12B220DC-7E6C-4EE4-8876-7364636FD574}"
EndProject
Global
	GlobalSection(SolutionConfigurationPlatforms) = preSolution
		Debug|Any CPU = Debug|Any CPU
		Release|Any CPU = Release|Any CPU
	EndGlobalSection
	GlobalSection(ProjectConfigurationPlatforms) = postSolution
		{95B0B69D-9F84-448C-846A-3CFD8BF75E58}.Debug|Any CPU.ActiveCfg = Debug|Any CPU
		{95B0B69D-9F84-448C-846A-3CFD8BF75E58}.Debug|Any CPU.Build.0 = Debug|Any CPU
		{95B0B69D-9F84-448C-846A-3CFD8BF75E58}.Release|Any CPU.ActiveCfg = Release|Any CPU
		{95B0B69D-9F84-448C-846A-3CFD8BF75E58}.Release|Any CPU.Build.0 = Release|Any CPU
		{12B220DC-7E6C-4EE4-8876-7364636FD574}.Debug|Any CPU.ActiveCfg = Debug|Any CPU
		{12B220DC-7E6C-4EE4-8876-7364636FD574}.Debug|Any CPU.Build.0 = Debug|Any CPU
		{12B220DC-7E6C-4EE4-8876-7364636FD574}.Release|Any CPU.ActiveCfg = Release|Any CPU
		{12B220DC-7E6C-4EE4-8876-7364636FD574}.Release|Any CPU.Build.0 = Release|Any CPU
	EndGlobalSection
	GlobalSection(SolutionProperties) = preSolution
		HideSolutionNode = FALSE
	EndGlobalSection
	GlobalSection(ExtensibilityGlobals) = postSolution
		SolutionGuid = {E86BF052-2102-43D4-BC63-FA1C36FA8A3B}
	EndGlobalSection
EndGlobal
