
Microsoft Visual Studio Solution File, Format Version 12.00
# Visual Studio 15
VisualStudioVersion = 15.0.27004.2008
MinimumVisualStudioVersion = 10.0.40219.1
Project("{FAE04EC0-301F-11D3-BF4B-00C04F79EFBC}") = "01.SumAndAverage", "05.StacksAndQueues-Exercises\01.SumAndAverage.csproj", "{4339EA4D-CDA8-40D7-8404-0B522B079C9E}"
EndProject
Project("{FAE04EC0-301F-11D3-BF4B-00C04F79EFBC}") = "02.SortWords", "02.SortWords\02.SortWords.csproj", "{4798F247-E759-479F-A0BE-42F558B811DA}"
EndProject
Project("{FAE04EC0-301F-11D3-BF4B-00C04F79EFBC}") = "03.LongestSubsequence", "03.LongestSubsequence\03.LongestSubsequence.csproj", "{79741AF8-3D9D-4A20-9D42-32DD5813B93E}"
EndProject
Project("{FAE04EC0-301F-11D3-BF4B-00C04F79EFBC}") = "04.RemoveOddOccurrences", "04.RemoveOddOccurrences\04.RemoveOddOccurrences.csproj", "{65BFF2B9-B843-43B0-842D-1D38E2C586D3}"
EndProject
Project("{FAE04EC0-301F-11D3-BF4B-00C04F79EFBC}") = "05.CountOfOccurrences", "05.CountOfOccurrences\05.CountOfOccurrences.csproj", "{AA8E1F4B-65AA-4342-AEB4-0B53C202BFA8}"
EndProject
Project("{FAE04EC0-301F-11D3-BF4B-00C04F79EFBC}") = "07.DistanceInLabyrinth", "07.DistanceInLabyrinth\07.DistanceInLabyrinth.csproj", "{300C8273-0866-43F0-B1AD-A748413B0FF6}"
EndProject
Project("{FAE04EC0-301F-11D3-BF4B-00C04F79EFBC}") = "06.ReverseNumbers", "06.ReverseNumbers\06.ReverseNumbers.csproj", "{277F2286-EBDC-4331-A4AD-247ECC399B45}"
EndProject
Project("{FAE04EC0-301F-11D3-BF4B-00C04F79EFBC}") = "08.CalculateSequence", "08.CalculateSequence\08.CalculateSequence.csproj", "{77C6CB02-7766-457D-920D-F15AB38BB933}"
EndProject
Project("{FAE04EC0-301F-11D3-BF4B-00C04F79EFBC}") = "09.ArrayBasedStack", "09.ArrayBasedStack\09.ArrayBasedStack.csproj", "{9CF17B88-4E89-4FBE-B0C9-0127CC478006}"
EndProject
Project("{FAE04EC0-301F-11D3-BF4B-00C04F79EFBC}") = "10.LinkedStack", "10.LinkedStack\10.LinkedStack.csproj", "{254A82FC-4B6F-4E1F-9F93-3E652C65DE1B}"
EndProject
Project("{FAE04EC0-301F-11D3-BF4B-00C04F79EFBC}") = "11.LinkedQueue", "11.LinkedQueue\11.LinkedQueue.csproj", "{575C4725-4DE5-4934-A7E2-76EBF5E53DBD}"
EndProject
Project("{FAE04EC0-301F-11D3-BF4B-00C04F79EFBC}") = "12.SequenceN-M", "12.SequenceN-M\12.SequenceN-M.csproj", "{DFBBDFD2-031F-40D6-B6B3-B04DABB9449E}"
EndProject
Global
	GlobalSection(SolutionConfigurationPlatforms) = preSolution
		Debug|Any CPU = Debug|Any CPU
		Release|Any CPU = Release|Any CPU
	EndGlobalSection
	GlobalSection(ProjectConfigurationPlatforms) = postSolution
		{4339EA4D-CDA8-40D7-8404-0B522B079C9E}.Debug|Any CPU.ActiveCfg = Debug|Any CPU
		{4339EA4D-CDA8-40D7-8404-0B522B079C9E}.Debug|Any CPU.Build.0 = Debug|Any CPU
		{4339EA4D-CDA8-40D7-8404-0B522B079C9E}.Release|Any CPU.ActiveCfg = Release|Any CPU
		{4339EA4D-CDA8-40D7-8404-0B522B079C9E}.Release|Any CPU.Build.0 = Release|Any CPU
		{4798F247-E759-479F-A0BE-42F558B811DA}.Debug|Any CPU.ActiveCfg = Debug|Any CPU
		{4798F247-E759-479F-A0BE-42F558B811DA}.Debug|Any CPU.Build.0 = Debug|Any CPU
		{4798F247-E759-479F-A0BE-42F558B811DA}.Release|Any CPU.ActiveCfg = Release|Any CPU
		{4798F247-E759-479F-A0BE-42F558B811DA}.Release|Any CPU.Build.0 = Release|Any CPU
		{79741AF8-3D9D-4A20-9D42-32DD5813B93E}.Debug|Any CPU.ActiveCfg = Debug|Any CPU
		{79741AF8-3D9D-4A20-9D42-32DD5813B93E}.Debug|Any CPU.Build.0 = Debug|Any CPU
		{79741AF8-3D9D-4A20-9D42-32DD5813B93E}.Release|Any CPU.ActiveCfg = Release|Any CPU
		{79741AF8-3D9D-4A20-9D42-32DD5813B93E}.Release|Any CPU.Build.0 = Release|Any CPU
		{65BFF2B9-B843-43B0-842D-1D38E2C586D3}.Debug|Any CPU.ActiveCfg = Debug|Any CPU
		{65BFF2B9-B843-43B0-842D-1D38E2C586D3}.Debug|Any CPU.Build.0 = Debug|Any CPU
		{65BFF2B9-B843-43B0-842D-1D38E2C586D3}.Release|Any CPU.ActiveCfg = Release|Any CPU
		{65BFF2B9-B843-43B0-842D-1D38E2C586D3}.Release|Any CPU.Build.0 = Release|Any CPU
		{AA8E1F4B-65AA-4342-AEB4-0B53C202BFA8}.Debug|Any CPU.ActiveCfg = Debug|Any CPU
		{AA8E1F4B-65AA-4342-AEB4-0B53C202BFA8}.Debug|Any CPU.Build.0 = Debug|Any CPU
		{AA8E1F4B-65AA-4342-AEB4-0B53C202BFA8}.Release|Any CPU.ActiveCfg = Release|Any CPU
		{AA8E1F4B-65AA-4342-AEB4-0B53C202BFA8}.Release|Any CPU.Build.0 = Release|Any CPU
		{300C8273-0866-43F0-B1AD-A748413B0FF6}.Debug|Any CPU.ActiveCfg = Debug|Any CPU
		{300C8273-0866-43F0-B1AD-A748413B0FF6}.Debug|Any CPU.Build.0 = Debug|Any CPU
		{300C8273-0866-43F0-B1AD-A748413B0FF6}.Release|Any CPU.ActiveCfg = Release|Any CPU
		{300C8273-0866-43F0-B1AD-A748413B0FF6}.Release|Any CPU.Build.0 = Release|Any CPU
		{277F2286-EBDC-4331-A4AD-247ECC399B45}.Debug|Any CPU.ActiveCfg = Debug|Any CPU
		{277F2286-EBDC-4331-A4AD-247ECC399B45}.Debug|Any CPU.Build.0 = Debug|Any CPU
		{277F2286-EBDC-4331-A4AD-247ECC399B45}.Release|Any CPU.ActiveCfg = Release|Any CPU
		{277F2286-EBDC-4331-A4AD-247ECC399B45}.Release|Any CPU.Build.0 = Release|Any CPU
		{77C6CB02-7766-457D-920D-F15AB38BB933}.Debug|Any CPU.ActiveCfg = Debug|Any CPU
		{77C6CB02-7766-457D-920D-F15AB38BB933}.Debug|Any CPU.Build.0 = Debug|Any CPU
		{77C6CB02-7766-457D-920D-F15AB38BB933}.Release|Any CPU.ActiveCfg = Release|Any CPU
		{77C6CB02-7766-457D-920D-F15AB38BB933}.Release|Any CPU.Build.0 = Release|Any CPU
		{9CF17B88-4E89-4FBE-B0C9-0127CC478006}.Debug|Any CPU.ActiveCfg = Debug|Any CPU
		{9CF17B88-4E89-4FBE-B0C9-0127CC478006}.Debug|Any CPU.Build.0 = Debug|Any CPU
		{9CF17B88-4E89-4FBE-B0C9-0127CC478006}.Release|Any CPU.ActiveCfg = Release|Any CPU
		{9CF17B88-4E89-4FBE-B0C9-0127CC478006}.Release|Any CPU.Build.0 = Release|Any CPU
		{254A82FC-4B6F-4E1F-9F93-3E652C65DE1B}.Debug|Any CPU.ActiveCfg = Debug|Any CPU
		{254A82FC-4B6F-4E1F-9F93-3E652C65DE1B}.Debug|Any CPU.Build.0 = Debug|Any CPU
		{254A82FC-4B6F-4E1F-9F93-3E652C65DE1B}.Release|Any CPU.ActiveCfg = Release|Any CPU
		{254A82FC-4B6F-4E1F-9F93-3E652C65DE1B}.Release|Any CPU.Build.0 = Release|Any CPU
		{575C4725-4DE5-4934-A7E2-76EBF5E53DBD}.Debug|Any CPU.ActiveCfg = Debug|Any CPU
		{575C4725-4DE5-4934-A7E2-76EBF5E53DBD}.Debug|Any CPU.Build.0 = Debug|Any CPU
		{575C4725-4DE5-4934-A7E2-76EBF5E53DBD}.Release|Any CPU.ActiveCfg = Release|Any CPU
		{575C4725-4DE5-4934-A7E2-76EBF5E53DBD}.Release|Any CPU.Build.0 = Release|Any CPU
		{DFBBDFD2-031F-40D6-B6B3-B04DABB9449E}.Debug|Any CPU.ActiveCfg = Debug|Any CPU
		{DFBBDFD2-031F-40D6-B6B3-B04DABB9449E}.Debug|Any CPU.Build.0 = Debug|Any CPU
		{DFBBDFD2-031F-40D6-B6B3-B04DABB9449E}.Release|Any CPU.ActiveCfg = Release|Any CPU
		{DFBBDFD2-031F-40D6-B6B3-B04DABB9449E}.Release|Any CPU.Build.0 = Release|Any CPU
	EndGlobalSection
	GlobalSection(SolutionProperties) = preSolution
		HideSolutionNode = FALSE
	EndGlobalSection
	GlobalSection(ExtensibilityGlobals) = postSolution
		SolutionGuid = {EA2D9044-1B15-4987-9B37-901873E42776}
	EndGlobalSection
EndGlobal
